
Microsoft Visual Studio Solution File, Format Version 12.00
# Visual Studio Version 16
VisualStudioVersion = 16.0.31112.23
MinimumVisualStudioVersion = 10.0.40219.1
Project("{FAE04EC0-301F-11D3-BF4B-00C04F79EFBC}") = "SweetTesting", "SweetTesting\SweetTesting.csproj", "{F06BED17-42D2-4F60-9B42-63138F3B1DED}"
EndProject
Global
	GlobalSection(SolutionConfigurationPlatforms) = preSolution
		Debug|Any CPU = Debug|Any CPU
		Release|Any CPU = Release|Any CPU
	EndGlobalSection
	GlobalSection(ProjectConfigurationPlatforms) = postSolution
		{F06BED17-42D2-4F60-9B42-63138F3B1DED}.Debug|Any CPU.ActiveCfg = Debug|Any CPU
		{F06BED17-42D2-4F60-9B42-63138F3B1DED}.Debug|Any CPU.Build.0 = Debug|Any CPU
		{F06BED17-42D2-4F60-9B42-63138F3B1DED}.Release|Any CPU.ActiveCfg = Release|Any CPU
		{F06BED17-42D2-4F60-9B42-63138F3B1DED}.Release|Any CPU.Build.0 = Release|Any CPU
	EndGlobalSection
	GlobalSection(SolutionProperties) = preSolution
		HideSolutionNode = FALSE
	EndGlobalSection
	GlobalSection(ExtensibilityGlobals) = postSolution
		SolutionGuid = {A4126060-9012-45B1-BE75-212CF59BDF95}
	EndGlobalSection
EndGlobal
